{
  "version": 4,
  "terraform_version": "1.5.7",
  "serial": 11,
  "lineage": "b9cf2f5c-4374-291c-1f3f-0e4bc163ce20",
  "outputs": {},
  "resources": [
    {
      "mode": "managed",
      "type": "google_compute_network",
      "name": "vpc_network",
      "provider": "provider[\"registry.terraform.io/hashicorp/google\"]",
      "instances": [
        {
          "schema_version": 0,
          "attributes": {
            "auto_create_subnetworks": true,
            "bgp_always_compare_med": false,
            "bgp_best_path_selection_mode": "LEGACY",
            "bgp_inter_region_cost": "",
            "delete_default_routes_on_create": false,
            "description": "",
            "enable_ula_internal_ipv6": false,
            "gateway_ipv4": "",
            "id": "projects/promptionary-463502/global/networks/promptionary-network",
            "internal_ipv6_range": "",
            "mtu": 0,
            "name": "promptionary-network",
            "network_firewall_policy_enforcement_order": "AFTER_CLASSIC_FIREWALL",
            "network_id": "3784020822553358131",
            "network_profile": "",
            "numeric_id": "3784020822553358131",
            "project": "promptionary-463502",
            "routing_mode": "REGIONAL",
            "self_link": "https://www.googleapis.com/compute/v1/projects/promptionary-463502/global/networks/promptionary-network",
            "timeouts": null
          },
          "sensitive_attributes": [],
          "private": "eyJlMmJmYjczMC1lY2FhLTExZTYtOGY4OC0zNDM2M2JjN2M0YzAiOnsiY3JlYXRlIjoxMjAwMDAwMDAwMDAwLCJkZWxldGUiOjEyMDAwMDAwMDAwMDAsInVwZGF0ZSI6MTIwMDAwMDAwMDAwMH19"
        }
      ]
    },
    {
      "mode": "managed",
      "type": "google_compute_subnetwork",
      "name": "subnet",
      "provider": "provider[\"registry.terraform.io/hashicorp/google\"]",
      "instances": [
        {
          "schema_version": 0,
          "attributes": {
            "creation_timestamp": "2025-06-19T20:14:26.227-07:00",
            "description": "",
            "enable_flow_logs": false,
            "external_ipv6_prefix": "",
            "fingerprint": null,
            "gateway_address": "10.0.0.1",
            "id": "projects/promptionary-463502/regions/us-central1/subnetworks/promptionary-subnet",
            "internal_ipv6_prefix": "",
            "ip_cidr_range": "10.0.0.0/16",
            "ip_collection": null,
            "ipv6_access_type": "",
            "ipv6_cidr_range": "",
            "ipv6_gce_endpoint": "",
            "log_config": [],
            "name": "promptionary-subnet",
            "network": "https://www.googleapis.com/compute/v1/projects/promptionary-463502/global/networks/promptionary-network",
            "private_ip_google_access": true,
            "private_ipv6_google_access": "DISABLE_GOOGLE_ACCESS",
            "project": "promptionary-463502",
            "purpose": "PRIVATE",
            "region": "us-central1",
            "reserved_internal_range": "",
            "role": "",
            "secondary_ip_range": [
              {
                "ip_cidr_range": "10.56.0.0/14",
                "range_name": "gke-promptionary-gke-pods-54f3e148",
                "reserved_internal_range": "https://networkconnectivity.googleapis.com/v1/projects/promptionary-463502/locations/global/internalRanges/gke-promptionary-gke-pods-54f3e148"
              }
            ],
            "self_link": "https://www.googleapis.com/compute/v1/projects/promptionary-463502/regions/us-central1/subnetworks/promptionary-subnet",
            "send_secondary_ip_range_if_empty": null,
            "stack_type": "IPV4_ONLY",
            "state": "",
            "subnetwork_id": 7410496434823851261,
            "timeouts": null
          },
          "sensitive_attributes": [],
          "private": "eyJlMmJmYjczMC1lY2FhLTExZTYtOGY4OC0zNDM2M2JjN2M0YzAiOnsiY3JlYXRlIjoxMjAwMDAwMDAwMDAwLCJkZWxldGUiOjEyMDAwMDAwMDAwMDAsInVwZGF0ZSI6MTIwMDAwMDAwMDAwMH19",
          "dependencies": [
            "google_compute_network.vpc_network"
          ]
        }
      ]
    },
    {
      "mode": "managed",
      "type": "google_container_cluster",
      "name": "primary",
      "provider": "provider[\"registry.terraform.io/hashicorp/google\"]",
      "instances": [
        {
          "schema_version": 2,
          "attributes": {
            "addons_config": [
              {
                "cloudrun_config": [],
                "config_connector_config": [],
                "dns_cache_config": [],
                "gce_persistent_disk_csi_driver_config": [
                  {
                    "enabled": true
                  }
                ],
                "gcp_filestore_csi_driver_config": [],
                "gcs_fuse_csi_driver_config": [],
                "gke_backup_agent_config": [],
                "horizontal_pod_autoscaling": [],
                "http_load_balancing": [],
                "network_policy_config": [
                  {
                    "disabled": true
                  }
                ],
                "parallelstore_csi_driver_config": [],
                "ray_operator_config": [],
                "stateful_ha_config": []
              }
            ],
            "allow_net_admin": null,
            "authenticator_groups_config": [],
            "binary_authorization": [
              {
                "enabled": false,
                "evaluation_mode": ""
              }
            ],
            "cluster_autoscaling": [
              {
                "auto_provisioning_defaults": [],
                "auto_provisioning_locations": [],
                "autoscaling_profile": "BALANCED",
                "enabled": false,
                "resource_limits": []
              }
            ],
            "cluster_ipv4_cidr": "10.56.0.0/14",
            "confidential_nodes": [],
            "control_plane_endpoints_config": [
              {
                "dns_endpoint_config": [
                  {
                    "allow_external_traffic": false,
                    "endpoint": "gke-54f3e148fa7e47739fef47aa67c4c0443dfe-139409063631.us-central1.gke.goog"
                  }
                ],
                "ip_endpoints_config": [
                  {
                    "enabled": true
                  }
                ]
              }
            ],
            "cost_management_config": [],
            "database_encryption": [
              {
                "key_name": "",
                "state": "DECRYPTED"
              }
            ],
            "datapath_provider": "",
            "default_max_pods_per_node": 110,
            "default_snat_status": [
              {
                "disabled": false
              }
            ],
            "deletion_protection": true,
            "description": "",
            "disable_l4_lb_firewall_reconciliation": false,
            "dns_config": [],
            "effective_labels": {
              "goog-terraform-provisioned": "true"
            },
            "enable_autopilot": false,
            "enable_cilium_clusterwide_network_policy": false,
            "enable_fqdn_network_policy": false,
            "enable_intranode_visibility": false,
            "enable_k8s_beta_apis": [],
            "enable_kubernetes_alpha": false,
            "enable_l4_ilb_subsetting": false,
            "enable_legacy_abac": false,
            "enable_multi_networking": false,
            "enable_shielded_nodes": true,
            "enable_tpu": false,
            "endpoint": "104.154.224.36",
            "enterprise_config": [
              {
                "cluster_tier": "STANDARD",
                "desired_tier": ""
              }
            ],
            "fleet": [],
            "gateway_api_config": [],
            "id": "projects/promptionary-463502/locations/us-central1/clusters/promptionary-gke",
            "identity_service_config": [],
            "in_transit_encryption_config": "",
            "initial_node_count": 0,
            "ip_allocation_policy": [
              {
                "additional_pod_ranges_config": [],
                "cluster_ipv4_cidr_block": "10.56.0.0/14",
                "cluster_secondary_range_name": "gke-promptionary-gke-pods-54f3e148",
                "pod_cidr_overprovision_config": [
                  {
                    "disabled": false
                  }
                ],
                "services_ipv4_cidr_block": "34.118.224.0/20",
                "services_secondary_range_name": "",
                "stack_type": "IPV4"
              }
            ],
            "label_fingerprint": "78cdf2f6",
            "location": "us-central1",
            "logging_config": [
              {
                "enable_components": [
                  "SYSTEM_COMPONENTS",
                  "WORKLOADS"
                ]
              }
            ],
            "logging_service": "logging.googleapis.com/kubernetes",
            "maintenance_policy": [],
            "master_auth": [
              {
                "client_certificate": "",
                "client_certificate_config": [
                  {
                    "issue_client_certificate": false
                  }
                ],
                "client_key": "",
                "cluster_ca_certificate": "LS0tLS1CRUdJTiBDRVJUSUZJQ0FURS0tLS0tCk1JSUVMRENDQXBTZ0F3SUJBZ0lRVkFuajFXMHJLNEpBYzB5QWh6dlUwekFOQmdrcWhraUc5dzBCQVFzRkFEQXYKTVMwd0t3WURWUVFERXlSbU5qQTFZelEzWWkweFpUa3pMVFF5TXpZdE9URm1PUzAyTXpRMk9ETTNPRE5sTWpFdwpJQmNOTWpVd05qSXdNakV5T0RBeldoZ1BNakExTlRBMk1UTXlNakk0TUROYU1DOHhMVEFyQmdOVkJBTVRKR1kyCk1EVmpORGRpTFRGbE9UTXROREl6TmkwNU1XWTVMVFl6TkRZNE16YzRNMlV5TVRDQ0FhSXdEUVlKS29aSWh2Y04KQVFFQkJRQURnZ0dQQURDQ0FZb0NnZ0dCQU9qYzlDVE5JbVJjbmE4NzczMHd0cnplcnR5RlpSQkswV3Z3TjlTbwpwbjRROSsvSHBkY0ZGQmtWTmdNRHV6Z2k2eWdxejYzMnQySW1ibEdWSXhtN3ZmaEl1emJuZFd1TkFaU0VkVTFtCk1BbVRIdEpsM2dDQ3d5YVd4a1VXQSs3dUp2aHg0dUlBSEFGbTY4VlhPSlRzYTRoOUVLbjFhMGxQTUdHVHVrMTIKaXFpN3NHdGxMSy9yU28zSTFtcTcxbG0xaTZkSFlZWUVLRWxoMnNkTG5sVi8vSFFXOURZM3BKVG9RT1kydUtyeQpFZTErNGVqK3hESXBqdGNNSHMwaHNHUFJSanVHZkVsVHJRTGtVTklzK09JdVp6azhkYUJCaTdLL3B2aEd2MGxZClQ3VUFrakpFNmhsd3Y2ZmY4ZllLYWVOZUsxUk5JTTc3UlI1azJ0V09jaTBDMkovVmtBYVpmaExiNUVUSmE3TUkKVEIrbUhCR3BWS2xhUHlGemFaSEV3dTNzMnJxb0ZaWEpkRjJZSG5QK3B4Qy9JNHRQRzJjc0RhTzZmbFNDVFUyOAp4ZmpjWFkrbnFobUJ6azl2aWpoYjV5MFJjbkM3amVxMXE4a1BIWnhsTUpzQzFRSStJVkdpekxXTmNyU3BuaDdPCjJkd1VnZnRwNGMwRkUzS2YyZDFla09TN01RSURBUUFCbzBJd1FEQU9CZ05WSFE4QkFmOEVCQU1DQWdRd0R3WUQKVlIwVEFRSC9CQVV3QXdFQi96QWRCZ05WSFE0RUZnUVU0blVZZlFsUWZJUlB4ZEEzTFV6VEtubHF6U293RFFZSgpLb1pJaHZjTkFRRUxCUUFEZ2dHQkFJMytqRnNDNHI5bStiYTZPRFloNVNHVGVpVzBMVnNObTRZcTRFb0NhaWNSCnZJQVlrWlNjaUNjeEVISDBPekVFaWMveDVmc0MxMXdEL1c0MjY1Qi9zbk1PbWlJWlpkcUJtc0tIS3hHRFJtT0gKSDJlMjdSREdUY043bURwaUtDaE9ueDNXNlRUTmlrR0o1cytHRFVqNWx0MEplN21CSHNvM0p4eVlySGdFc2RybApwZTBJaWtoSmFrM3pZYTVYeGRWbTRxVmFXUjFidjhhdWdxWXRvekRJSWdVOUpIdHFkVGlyazF1NEJ5OC9BQ2M5CjRSK1ZYbHZJWFl6WWgwcUhoZlVxSDJaTHZjRFpPT3BzcVFrSGtVRXZLTm1KNTk5bkoyRllkeU9pcVg1WlRZSlcKSTg3b05NQXdobEw1OUxJMHZGNmVZSGJod0JrdTIzSFpkaStXYmxjM1pESG1rTGdjdmtBejdzMEpoSHduRUJZUApxZjNpZFNIMmxya0RXajA5MnkrTzRYUXFNeXdOaWZEbnlMVUZqUHh3VnIrbzhYK05Pa0s0Ti9TOU9SOER6Slo0CkYveDkwVEp0NGhVL3NmYlZRVHlaVkhnRHRjK0kvTjBVbVJoSi9TcW5Ia0hpUzR5bXRUM0RTUy9vS3VmTDlkVzIKRllNVlBuRVR1SzFWTUZhb0N5T1hnUT09Ci0tLS0tRU5EIENFUlRJRklDQVRFLS0tLS0K"
              }
            ],
            "master_authorized_networks_config": [],
            "master_version": "1.33.1-gke.1107000",
            "mesh_certificates": [],
            "min_master_version": "latest",
            "monitoring_config": [
              {
                "advanced_datapath_observability_config": [
                  {
                    "enable_metrics": false,
                    "enable_relay": false
                  }
                ],
                "enable_components": [
                  "SYSTEM_COMPONENTS",
                  "JOBSET",
                  "STORAGE",
                  "HPA",
                  "POD",
                  "DAEMONSET",
                  "DEPLOYMENT",
                  "STATEFULSET",
                  "CADVISOR",
                  "KUBELET",
                  "DCGM"
                ],
                "managed_prometheus": [
                  {
                    "auto_monitoring_config": [],
                    "enabled": true
                  }
                ]
              }
            ],
            "monitoring_service": "monitoring.googleapis.com/kubernetes",
            "name": "promptionary-gke",
            "network": "projects/promptionary-463502/global/networks/promptionary-network",
            "network_performance_config": [],
            "network_policy": [
              {
                "enabled": false,
                "provider": "PROVIDER_UNSPECIFIED"
              }
            ],
            "networking_mode": "VPC_NATIVE",
            "node_config": [],
            "node_locations": [
              "us-central1-b",
              "us-central1-c",
              "us-central1-f"
            ],
            "node_pool": [],
            "node_pool_auto_config": [
              {
                "linux_node_config": [],
                "network_tags": [],
                "node_kubelet_config": [
                  {
                    "insecure_kubelet_readonly_port_enabled": "FALSE"
                  }
                ],
                "resource_manager_tags": {}
              }
            ],
            "node_pool_defaults": [
              {
                "node_config_defaults": [
                  {
                    "containerd_config": [],
                    "gcfs_config": [],
                    "insecure_kubelet_readonly_port_enabled": "FALSE",
                    "logging_variant": "DEFAULT"
                  }
                ]
              }
            ],
            "node_version": "1.33.1-gke.1107000",
            "notification_config": [
              {
                "pubsub": [
                  {
                    "enabled": false,
                    "filter": [],
                    "topic": ""
                  }
                ]
              }
            ],
            "operation": null,
            "pod_autoscaling": [
              {
                "hpa_profile": "HPA_PROFILE_UNSPECIFIED"
              }
            ],
            "private_cluster_config": [
              {
                "enable_private_endpoint": false,
                "enable_private_nodes": false,
                "master_global_access_config": [
                  {
                    "enabled": false
                  }
                ],
                "master_ipv4_cidr_block": "",
                "peering_name": "",
                "private_endpoint": "10.0.0.2",
                "private_endpoint_subnetwork": "",
                "public_endpoint": "104.154.224.36"
              }
            ],
            "private_ipv6_google_access": "",
            "project": "promptionary-463502",
            "release_channel": [
              {
                "channel": "REGULAR"
              }
            ],
            "remove_default_node_pool": true,
            "resource_labels": {},
            "resource_usage_export_config": [],
            "secret_manager_config": [
              {
                "enabled": false
              }
            ],
            "security_posture_config": [
              {
                "mode": "BASIC",
                "vulnerability_mode": "VULNERABILITY_MODE_UNSPECIFIED"
              }
            ],
            "self_link": "https://container.googleapis.com/v1/projects/promptionary-463502/locations/us-central1/clusters/promptionary-gke",
            "service_external_ips_config": [
              {
                "enabled": false
              }
            ],
            "services_ipv4_cidr": "34.118.224.0/20",
            "subnetwork": "projects/promptionary-463502/regions/us-central1/subnetworks/promptionary-subnet",
            "terraform_labels": {
              "goog-terraform-provisioned": "true"
            },
            "timeouts": null,
            "tpu_ipv4_cidr_block": "",
            "user_managed_keys_config": [],
            "vertical_pod_autoscaling": [],
            "workload_identity_config": []
          },
          "sensitive_attributes": [],
          "private": "eyJlMmJmYjczMC1lY2FhLTExZTYtOGY4OC0zNDM2M2JjN2M0YzAiOnsiY3JlYXRlIjoyNDAwMDAwMDAwMDAwLCJkZWxldGUiOjI0MDAwMDAwMDAwMDAsInJlYWQiOjI0MDAwMDAwMDAwMDAsInVwZGF0ZSI6MzYwMDAwMDAwMDAwMH0sInNjaGVtYV92ZXJzaW9uIjoiMiJ9",
          "dependencies": [
            "google_compute_network.vpc_network",
            "google_compute_subnetwork.subnet"
          ]
        }
      ]
    },
    {
      "mode": "managed",
      "type": "google_sql_database",
      "name": "database",
      "provider": "provider[\"registry.terraform.io/hashicorp/google\"]",
      "instances": [
        {
          "schema_version": 0,
          "attributes": {
            "charset": "UTF8",
            "collation": "en_US.UTF8",
            "deletion_policy": "DELETE",
            "id": "projects/promptionary-463502/instances/promptionary/databases/promptionary",
            "instance": "promptionary",
            "name": "promptionary",
            "project": "promptionary-463502",
            "self_link": "https://sqladmin.googleapis.com/sql/v1beta4/projects/promptionary-463502/instances/promptionary/databases/promptionary",
            "timeouts": null
          },
          "sensitive_attributes": [],
          "private": "eyJlMmJmYjczMC1lY2FhLTExZTYtOGY4OC0zNDM2M2JjN2M0YzAiOnsiY3JlYXRlIjoxMjAwMDAwMDAwMDAwLCJkZWxldGUiOjEyMDAwMDAwMDAwMDAsInVwZGF0ZSI6MTIwMDAwMDAwMDAwMH19",
          "dependencies": [
            "google_sql_database_instance.main"
          ]
        }
      ]
    },
    {
      "mode": "managed",
      "type": "google_sql_database_instance",
      "name": "main",
      "provider": "provider[\"registry.terraform.io/hashicorp/google\"]",
      "instances": [
        {
          "schema_version": 0,
          "attributes": {
            "available_maintenance_versions": [],
            "clone": [],
            "connection_name": "promptionary-463502:us-central1:promptionary",
            "database_version": "POSTGRES_15",
            "deletion_protection": true,
            "dns_name": "",
            "dns_names": [],
            "encryption_key_name": null,
            "first_ip_address": "35.238.150.168",
            "id": "promptionary",
            "instance_type": "CLOUD_SQL_INSTANCE",
            "ip_address": [
              {
                "ip_address": "35.238.150.168",
                "time_to_retire": "",
                "type": "PRIMARY"
              },
              {
                "ip_address": "34.68.53.186",
                "time_to_retire": "",
                "type": "OUTGOING"
              }
            ],
            "maintenance_version": "POSTGRES_15_13.R20250302.00_31",
            "master_instance_name": "",
            "name": "promptionary",
            "private_ip_address": "",
            "project": "promptionary-463502",
            "psc_service_attachment_link": "",
            "public_ip_address": "35.238.150.168",
            "region": "us-central1",
            "replica_configuration": [],
            "replica_names": [],
            "replication_cluster": [
              {
                "dr_replica": false,
                "failover_dr_replica_name": ""
              }
            ],
            "restore_backup_context": [],
            "root_password": null,
            "self_link": "https://sqladmin.googleapis.com/sql/v1beta4/projects/promptionary-463502/instances/promptionary",
            "server_ca_cert": [
              {
                "cert": "-----BEGIN CERTIFICATE-----\nMIIDfzCCAmegAwIBAgIBADANBgkqhkiG9w0BAQsFADB3MS0wKwYDVQQuEyQ3OTgw\nYjRhMi05YmM0LTRjMjYtOTQ0NC0wMGIxNTZiMDczYWUxIzAhBgNVBAMTGkdvb2ds\nZSBDbG91ZCBTUUwgU2VydmVyIENBMRQwEgYDVQQKEwtHb29nbGUsIEluYzELMAkG\nA1UEBhMCVVMwHhcNMjUwNjIwMDMxNDA1WhcNMzUwNjE4MDMxNTA1WjB3MS0wKwYD\nVQQuEyQ3OTgwYjRhMi05YmM0LTRjMjYtOTQ0NC0wMGIxNTZiMDczYWUxIzAhBgNV\nBAMTGkdvb2dsZSBDbG91ZCBTUUwgU2VydmVyIENBMRQwEgYDVQQKEwtHb29nbGUs\nIEluYzELMAkGA1UEBhMCVVMwggEiMA0GCSqGSIb3DQEBAQUAA4IBDwAwggEKAoIB\nAQCrM9z7xkINXFDSBwdAf52EGAgok7i84GN8ClocoUIIVcOlUw6PxHmlM/CuXtJ9\nXjZVFsFDTm9ErCGQkBPP0F/lFYLBj8UADxWubpvEsUguN662QatJ9s9s9Dlxb61z\nLcyVCMiHuegsXhFdCJ6ghs+uB8wSH79uvQR3M/FSKEcNmUktkWFDbubTMMNMh39m\nspyQfDtYXvRn6ILP25YwR9UUOHPxozbSzK5diafW0UhUHetbPzhHiTN9XWdxAE0N\ni+RVyf9ow8sLi20QatxIDjPDUOxzZYwepsILJlycZG3c0OsjPkJLjUa/DjulsT7E\nqqcwII9XT1iKeHxiUsfius0vAgMBAAGjFjAUMBIGA1UdEwEB/wQIMAYBAf8CAQAw\nDQYJKoZIhvcNAQELBQADggEBAA/NdQn+XDgfitxWq8rdpbLvErEkbCAbePmhyTXS\nuxKe7E76fDZZ6Ea+Xnll+/DFyqd4A1pvWvo3/qOlJc4uJX98lro7jRvm++JPWwDq\nwjOBqK+iYPTZCL+Dfh5j3zyGx9oDjZoBM2kOSL9DsiGTIM6PRgrYRPMs+l+oJ0C0\nd0zi9L1zjuZoSJcazkU6u/2QxMUXAhZC8avgzmGlnEbeO5nh+kd8QmQP+eDV7gDd\nT2TEuU/l9jRU2CiKOaoUrLVBNnNMtiUbYcIPl0baKTZPkdd02hU2CPm9N0vEtH9X\ntaISw0Jm+7aO/caq0ML4+EDs5ICmlEQWrkJmiJ4l1NA4TE8=\n-----END CERTIFICATE-----",
                "common_name": "C=US,O=Google\\, Inc,CN=Google Cloud SQL Server CA,dnQualifier=7980b4a2-9bc4-4c26-9444-00b156b073ae",
                "create_time": "2025-06-20T03:14:05.151Z",
                "expiration_time": "2035-06-18T03:15:05.151Z",
                "sha1_fingerprint": "08d0f2ae876adf19fe09877561fe31ea05644246"
              }
            ],
            "service_account_email_address": "p139409063631-wligve@gcp-sa-cloud-sql.iam.gserviceaccount.com",
            "settings": [
              {
                "activation_policy": "ALWAYS",
                "active_directory_config": [],
                "advanced_machine_features": [],
                "availability_type": "ZONAL",
                "backup_configuration": [
                  {
                    "backup_retention_settings": [
                      {
                        "retained_backups": 7,
                        "retention_unit": "COUNT"
                      }
                    ],
                    "binary_log_enabled": false,
                    "enabled": false,
                    "location": "",
                    "point_in_time_recovery_enabled": false,
                    "start_time": "21:00",
                    "transaction_log_retention_days": 7
                  }
                ],
                "collation": "",
                "connection_pool_config": [],
                "connector_enforcement": "NOT_REQUIRED",
                "data_cache_config": [
                  {
                    "data_cache_enabled": false
                  }
                ],
                "database_flags": [],
                "deletion_protection_enabled": false,
                "deny_maintenance_period": [],
                "disk_autoresize": true,
                "disk_autoresize_limit": 0,
                "disk_size": 10,
                "disk_type": "PD_SSD",
                "edition": "ENTERPRISE",
                "enable_dataplex_integration": false,
                "enable_google_ml_integration": false,
                "insights_config": [],
                "ip_configuration": [
                  {
                    "allocated_ip_range": "",
                    "authorized_networks": [],
                    "custom_subject_alternative_names": [],
                    "enable_private_path_for_google_cloud_services": false,
                    "ipv4_enabled": true,
                    "private_network": "",
                    "psc_config": [],
                    "server_ca_mode": "GOOGLE_MANAGED_INTERNAL_CA",
                    "server_ca_pool": "",
                    "ssl_mode": "ALLOW_UNENCRYPTED_AND_ENCRYPTED"
                  }
                ],
                "location_preference": [
                  {
                    "follow_gae_application": "",
                    "secondary_zone": "",
                    "zone": "us-central1-c"
                  }
                ],
                "maintenance_window": [],
                "password_validation_policy": [],
                "pricing_plan": "PER_USE",
                "retain_backups_on_delete": false,
                "sql_server_audit_config": [],
                "tier": "db-f1-micro",
                "time_zone": "",
                "user_labels": {},
                "version": 3
              }
            ],
            "timeouts": null
          },
          "sensitive_attributes": [],
          "private": "eyJlMmJmYjczMC1lY2FhLTExZTYtOGY4OC0zNDM2M2JjN2M0YzAiOnsiY3JlYXRlIjo1NDAwMDAwMDAwMDAwLCJkZWxldGUiOjU0MDAwMDAwMDAwMDAsInVwZGF0ZSI6NTQwMDAwMDAwMDAwMH19"
        }
      ]
    },
    {
      "mode": "managed",
      "type": "google_sql_user",
      "name": "users",
      "provider": "provider[\"registry.terraform.io/hashicorp/google\"]",
      "instances": [
        {
          "schema_version": 1,
          "attributes": {
            "deletion_policy": null,
            "host": "",
            "id": "postgres//promptionary",
            "instance": "promptionary",
            "name": "postgres",
            "password": "Chester\u0026J0j0",
            "password_policy": [],
            "password_wo": null,
            "password_wo_version": null,
            "project": "promptionary-463502",
            "sql_server_user_details": [],
            "timeouts": null,
            "type": ""
          },
          "sensitive_attributes": [
            [
              {
                "type": "get_attr",
                "value": "password"
              }
            ]
          ],
          "private": "eyJlMmJmYjczMC1lY2FhLTExZTYtOGY4OC0zNDM2M2JjN2M0YzAiOnsiY3JlYXRlIjo2MDAwMDAwMDAwMDAsImRlbGV0ZSI6NjAwMDAwMDAwMDAwLCJ1cGRhdGUiOjYwMDAwMDAwMDAwMH0sInNjaGVtYV92ZXJzaW9uIjoiMSJ9",
          "dependencies": [
            "google_sql_database_instance.main"
          ]
        }
      ]
    }
  ],
  "check_results": null
}
